// !$*UTF8*$!
{
	archiveVersion = 1;
	classes = {
	};
	objectVersion = 46;
	objects = {

/* Begin PBXBuildFile section */
		574B71D215EFA04800BA999B /* Foundation.framework in Frameworks */ = {isa = PBXBuildFile; fileRef = 574B71D115EFA04800BA999B /* Foundation.framework */; };
		574B71E115EFA04800BA999B /* SenTestingKit.framework in Frameworks */ = {isa = PBXBuildFile; fileRef = 574B71E015EFA04800BA999B /* SenTestingKit.framework */; };
		574B71E315EFA04800BA999B /* UIKit.framework in Frameworks */ = {isa = PBXBuildFile; fileRef = 574B71E215EFA04800BA999B /* UIKit.framework */; };
		574B71E415EFA04800BA999B /* Foundation.framework in Frameworks */ = {isa = PBXBuildFile; fileRef = 574B71D115EFA04800BA999B /* Foundation.framework */; };
		574B71E715EFA04800BA999B /* libAeroGear-iOS-Integration.a in Frameworks */ = {isa = PBXBuildFile; fileRef = 574B71CE15EFA04800BA999B /* libAeroGear-iOS-Integration.a */; };
		574B71ED15EFA04800BA999B /* InfoPlist.strings in Resources */ = {isa = PBXBuildFile; fileRef = 574B71EB15EFA04800BA999B /* InfoPlist.strings */; };
		574B71FB15EFA05C00BA999B /* Dummy.m in Sources */ = {isa = PBXBuildFile; fileRef = 574B71FA15EFA05C00BA999B /* Dummy.m */; };
		574B71FE15EFA07300BA999B /* AGIntegrationTests.m in Sources */ = {isa = PBXBuildFile; fileRef = 574B71FD15EFA07300BA999B /* AGIntegrationTests.m */; };
		574B720B15EFA8D400BA999B /* AGPipelineUsecaseTests.m in Sources */ = {isa = PBXBuildFile; fileRef = 574B720A15EFA8D400BA999B /* AGPipelineUsecaseTests.m */; };
		574B720E15EFA9F900BA999B /* AGRestPipeTests.m in Sources */ = {isa = PBXBuildFile; fileRef = 574B720D15EFA9F900BA999B /* AGRestPipeTests.m */; };
		8D5504ED65FA4A5DBD1182A7 /* libPods-AeroGear-iOS-IntegrationTests.a in Frameworks */ = {isa = PBXBuildFile; fileRef = C7C4359935894FDE85973837 /* libPods-AeroGear-iOS-IntegrationTests.a */; };
		8DF39806A86A4F1C91C70124 /* libPods.a in Frameworks */ = {isa = PBXBuildFile; fileRef = B10AFDC610624063B721B151 /* libPods.a */; };
/* End PBXBuildFile section */

/* Begin PBXContainerItemProxy section */
		574B71E515EFA04800BA999B /* PBXContainerItemProxy */ = {
			isa = PBXContainerItemProxy;
			containerPortal = 574B71C515EFA04800BA999B /* Project object */;
			proxyType = 1;
			remoteGlobalIDString = 574B71CD15EFA04800BA999B;
			remoteInfo = "AeroGear-iOS-Integration";
		};
/* End PBXContainerItemProxy section */

/* Begin PBXCopyFilesBuildPhase section */
		574B71CC15EFA04800BA999B /* CopyFiles */ = {
			isa = PBXCopyFilesBuildPhase;
			buildActionMask = 2147483647;
			dstPath = "include/${PRODUCT_NAME}";
			dstSubfolderSpec = 16;
			files = (
			);
			runOnlyForDeploymentPostprocessing = 0;
		};
/* End PBXCopyFilesBuildPhase section */

/* Begin PBXFileReference section */
		574B71CE15EFA04800BA999B /* libAeroGear-iOS-Integration.a */ = {isa = PBXFileReference; explicitFileType = archive.ar; includeInIndex = 0; path = "libAeroGear-iOS-Integration.a"; sourceTree = BUILT_PRODUCTS_DIR; };
		574B71D115EFA04800BA999B /* Foundation.framework */ = {isa = PBXFileReference; includeInIndex = 1; lastKnownFileType = wrapper.framework; name = Foundation.framework; path = System/Library/Frameworks/Foundation.framework; sourceTree = SDKROOT; };
		574B71D515EFA04800BA999B /* AeroGear-iOS-Integration-Prefix.pch */ = {isa = PBXFileReference; lastKnownFileType = sourcecode.c.h; path = "AeroGear-iOS-Integration-Prefix.pch"; sourceTree = "<group>"; };
		574B71DF15EFA04800BA999B /* AeroGear-iOS-IntegrationTests.octest */ = {isa = PBXFileReference; explicitFileType = wrapper.cfbundle; includeInIndex = 0; path = "AeroGear-iOS-IntegrationTests.octest"; sourceTree = BUILT_PRODUCTS_DIR; };
		574B71E015EFA04800BA999B /* SenTestingKit.framework */ = {isa = PBXFileReference; includeInIndex = 1; lastKnownFileType = wrapper.framework; name = SenTestingKit.framework; path = Library/Frameworks/SenTestingKit.framework; sourceTree = DEVELOPER_DIR; };
		574B71E215EFA04800BA999B /* UIKit.framework */ = {isa = PBXFileReference; includeInIndex = 1; lastKnownFileType = wrapper.framework; name = UIKit.framework; path = Library/Frameworks/UIKit.framework; sourceTree = DEVELOPER_DIR; };
		574B71EA15EFA04800BA999B /* AeroGear-iOS-IntegrationTests-Info.plist */ = {isa = PBXFileReference; lastKnownFileType = text.plist.xml; path = "AeroGear-iOS-IntegrationTests-Info.plist"; sourceTree = "<group>"; };
		574B71EC15EFA04800BA999B /* en */ = {isa = PBXFileReference; lastKnownFileType = text.plist.strings; name = en; path = en.lproj/InfoPlist.strings; sourceTree = "<group>"; };
		574B71F915EFA05C00BA999B /* Dummy.h */ = {isa = PBXFileReference; fileEncoding = 4; lastKnownFileType = sourcecode.c.h; path = Dummy.h; sourceTree = "<group>"; };
		574B71FA15EFA05C00BA999B /* Dummy.m */ = {isa = PBXFileReference; fileEncoding = 4; lastKnownFileType = sourcecode.c.objc; path = Dummy.m; sourceTree = "<group>"; };
		574B71FC15EFA07300BA999B /* AGIntegrationTests.h */ = {isa = PBXFileReference; fileEncoding = 4; lastKnownFileType = sourcecode.c.h; path = AGIntegrationTests.h; sourceTree = "<group>"; };
		574B71FD15EFA07300BA999B /* AGIntegrationTests.m */ = {isa = PBXFileReference; fileEncoding = 4; lastKnownFileType = sourcecode.c.objc; path = AGIntegrationTests.m; sourceTree = "<group>"; };
		574B720915EFA8D400BA999B /* AGPipelineUsecaseTests.h */ = {isa = PBXFileReference; fileEncoding = 4; lastKnownFileType = sourcecode.c.h; path = AGPipelineUsecaseTests.h; sourceTree = "<group>"; };
		574B720A15EFA8D400BA999B /* AGPipelineUsecaseTests.m */ = {isa = PBXFileReference; fileEncoding = 4; lastKnownFileType = sourcecode.c.objc; path = AGPipelineUsecaseTests.m; sourceTree = "<group>"; };
		574B720C15EFA9F900BA999B /* AGRestPipeTests.h */ = {isa = PBXFileReference; fileEncoding = 4; lastKnownFileType = sourcecode.c.h; path = AGRestPipeTests.h; sourceTree = "<group>"; };
		574B720D15EFA9F900BA999B /* AGRestPipeTests.m */ = {isa = PBXFileReference; fileEncoding = 4; lastKnownFileType = sourcecode.c.objc; path = AGRestPipeTests.m; sourceTree = "<group>"; };
		5DB1A2E418F14315BDD654CA /* Pods-AeroGear-iOS-IntegrationTests.xcconfig */ = {isa = PBXFileReference; includeInIndex = 1; lastKnownFileType = text.xcconfig; name = "Pods-AeroGear-iOS-IntegrationTests.xcconfig"; path = "Pods/Pods-AeroGear-iOS-IntegrationTests.xcconfig"; sourceTree = SOURCE_ROOT; };
		A658637286A841EC99E09786 /* Pods.xcconfig */ = {isa = PBXFileReference; includeInIndex = 1; lastKnownFileType = text.xcconfig; name = Pods.xcconfig; path = Pods/Pods.xcconfig; sourceTree = SOURCE_ROOT; };
		B10AFDC610624063B721B151 /* libPods.a */ = {isa = PBXFileReference; explicitFileType = archive.ar; includeInIndex = 0; path = libPods.a; sourceTree = BUILT_PRODUCTS_DIR; };
		C7C4359935894FDE85973837 /* libPods-AeroGear-iOS-IntegrationTests.a */ = {isa = PBXFileReference; explicitFileType = archive.ar; includeInIndex = 0; path = "libPods-AeroGear-iOS-IntegrationTests.a"; sourceTree = BUILT_PRODUCTS_DIR; };
/* End PBXFileReference section */

/* Begin PBXFrameworksBuildPhase section */
		574B71CB15EFA04800BA999B /* Frameworks */ = {
			isa = PBXFrameworksBuildPhase;
			buildActionMask = 2147483647;
			files = (
				574B71D215EFA04800BA999B /* Foundation.framework in Frameworks */,
				8DF39806A86A4F1C91C70124 /* libPods.a in Frameworks */,
			);
			runOnlyForDeploymentPostprocessing = 0;
		};
		574B71DB15EFA04800BA999B /* Frameworks */ = {
			isa = PBXFrameworksBuildPhase;
			buildActionMask = 2147483647;
			files = (
				574B71E115EFA04800BA999B /* SenTestingKit.framework in Frameworks */,
				574B71E315EFA04800BA999B /* UIKit.framework in Frameworks */,
				574B71E415EFA04800BA999B /* Foundation.framework in Frameworks */,
				574B71E715EFA04800BA999B /* libAeroGear-iOS-Integration.a in Frameworks */,
				8D5504ED65FA4A5DBD1182A7 /* libPods-AeroGear-iOS-IntegrationTests.a in Frameworks */,
			);
			runOnlyForDeploymentPostprocessing = 0;
		};
/* End PBXFrameworksBuildPhase section */

/* Begin PBXGroup section */
		574B71C315EFA04800BA999B = {
			isa = PBXGroup;
			children = (
				574B71D315EFA04800BA999B /* AeroGear-iOS-Integration */,
				574B71E815EFA04800BA999B /* AeroGear-iOS-IntegrationTests */,
				574B71D015EFA04800BA999B /* Frameworks */,
				574B71CF15EFA04800BA999B /* Products */,
				A658637286A841EC99E09786 /* Pods.xcconfig */,
				5DB1A2E418F14315BDD654CA /* Pods-AeroGear-iOS-IntegrationTests.xcconfig */,
			);
			sourceTree = "<group>";
		};
		574B71CF15EFA04800BA999B /* Products */ = {
			isa = PBXGroup;
			children = (
				574B71CE15EFA04800BA999B /* libAeroGear-iOS-Integration.a */,
				574B71DF15EFA04800BA999B /* AeroGear-iOS-IntegrationTests.octest */,
			);
			name = Products;
			sourceTree = "<group>";
		};
		574B71D015EFA04800BA999B /* Frameworks */ = {
			isa = PBXGroup;
			children = (
				574B71D115EFA04800BA999B /* Foundation.framework */,
				574B71E015EFA04800BA999B /* SenTestingKit.framework */,
				574B71E215EFA04800BA999B /* UIKit.framework */,
				B10AFDC610624063B721B151 /* libPods.a */,
				C7C4359935894FDE85973837 /* libPods-AeroGear-iOS-IntegrationTests.a */,
			);
			name = Frameworks;
			sourceTree = "<group>";
		};
		574B71D315EFA04800BA999B /* AeroGear-iOS-Integration */ = {
			isa = PBXGroup;
			children = (
				574B71D415EFA04800BA999B /* Supporting Files */,
				574B71F915EFA05C00BA999B /* Dummy.h */,
				574B71FA15EFA05C00BA999B /* Dummy.m */,
			);
			path = "AeroGear-iOS-Integration";
			sourceTree = "<group>";
		};
		574B71D415EFA04800BA999B /* Supporting Files */ = {
			isa = PBXGroup;
			children = (
				574B71D515EFA04800BA999B /* AeroGear-iOS-Integration-Prefix.pch */,
			);
			name = "Supporting Files";
			sourceTree = "<group>";
		};
		574B71E815EFA04800BA999B /* AeroGear-iOS-IntegrationTests */ = {
			isa = PBXGroup;
			children = (
				574B71FC15EFA07300BA999B /* AGIntegrationTests.h */,
				574B71FD15EFA07300BA999B /* AGIntegrationTests.m */,
				574B720915EFA8D400BA999B /* AGPipelineUsecaseTests.h */,
				574B720A15EFA8D400BA999B /* AGPipelineUsecaseTests.m */,
				574B720C15EFA9F900BA999B /* AGRestPipeTests.h */,
				574B720D15EFA9F900BA999B /* AGRestPipeTests.m */,
				574B71E915EFA04800BA999B /* Supporting Files */,
			);
			path = "AeroGear-iOS-IntegrationTests";
			sourceTree = "<group>";
		};
		574B71E915EFA04800BA999B /* Supporting Files */ = {
			isa = PBXGroup;
			children = (
				574B71EA15EFA04800BA999B /* AeroGear-iOS-IntegrationTests-Info.plist */,
				574B71EB15EFA04800BA999B /* InfoPlist.strings */,
			);
			name = "Supporting Files";
			sourceTree = "<group>";
		};
/* End PBXGroup section */

/* Begin PBXNativeTarget section */
		574B71CD15EFA04800BA999B /* AeroGear-iOS-Integration */ = {
			isa = PBXNativeTarget;
			buildConfigurationList = 574B71F315EFA04800BA999B /* Build configuration list for PBXNativeTarget "AeroGear-iOS-Integration" */;
			buildPhases = (
				574B71CA15EFA04800BA999B /* Sources */,
				574B71CB15EFA04800BA999B /* Frameworks */,
				574B71CC15EFA04800BA999B /* CopyFiles */,
				1C3A8F0F06C74EF2911B0643 /* Copy Pods Resources */,
			);
			buildRules = (
			);
			dependencies = (
			);
			name = "AeroGear-iOS-Integration";
			productName = "AeroGear-iOS-Integration";
			productReference = 574B71CE15EFA04800BA999B /* libAeroGear-iOS-Integration.a */;
			productType = "com.apple.product-type.library.static";
		};
		574B71DE15EFA04800BA999B /* AeroGear-iOS-IntegrationTests */ = {
			isa = PBXNativeTarget;
			buildConfigurationList = 574B71F615EFA04800BA999B /* Build configuration list for PBXNativeTarget "AeroGear-iOS-IntegrationTests" */;
			buildPhases = (
				574B71DA15EFA04800BA999B /* Sources */,
				574B71DB15EFA04800BA999B /* Frameworks */,
				574B71DC15EFA04800BA999B /* Resources */,
				574B71DD15EFA04800BA999B /* ShellScript */,
				47AD2F57135944C395D065BE /* Copy Pods Resources */,
			);
			buildRules = (
			);
			dependencies = (
				574B71E615EFA04800BA999B /* PBXTargetDependency */,
			);
			name = "AeroGear-iOS-IntegrationTests";
			productName = "AeroGear-iOS-IntegrationTests";
			productReference = 574B71DF15EFA04800BA999B /* AeroGear-iOS-IntegrationTests.octest */;
			productType = "com.apple.product-type.bundle";
		};
/* End PBXNativeTarget section */

/* Begin PBXProject section */
		574B71C515EFA04800BA999B /* Project object */ = {
			isa = PBXProject;
			attributes = {
				LastUpgradeCheck = 0440;
				ORGANIZATIONNAME = JBoss;
			};
			buildConfigurationList = 574B71C815EFA04800BA999B /* Build configuration list for PBXProject "AeroGear-iOS-Integration" */;
			compatibilityVersion = "Xcode 3.2";
			developmentRegion = English;
			hasScannedForEncodings = 0;
			knownRegions = (
				en,
			);
			mainGroup = 574B71C315EFA04800BA999B;
			productRefGroup = 574B71CF15EFA04800BA999B /* Products */;
			projectDirPath = "";
			projectRoot = "";
			targets = (
				574B71CD15EFA04800BA999B /* AeroGear-iOS-Integration */,
				574B71DE15EFA04800BA999B /* AeroGear-iOS-IntegrationTests */,
			);
		};
/* End PBXProject section */

/* Begin PBXResourcesBuildPhase section */
		574B71DC15EFA04800BA999B /* Resources */ = {
			isa = PBXResourcesBuildPhase;
			buildActionMask = 2147483647;
			files = (
				574B71ED15EFA04800BA999B /* InfoPlist.strings in Resources */,
			);
			runOnlyForDeploymentPostprocessing = 0;
		};
/* End PBXResourcesBuildPhase section */

/* Begin PBXShellScriptBuildPhase section */
		1C3A8F0F06C74EF2911B0643 /* Copy Pods Resources */ = {
			isa = PBXShellScriptBuildPhase;
			buildActionMask = 2147483647;
			files = (
			);
			inputPaths = (
			);
			name = "Copy Pods Resources";
			outputPaths = (
			);
			runOnlyForDeploymentPostprocessing = 0;
			shellPath = /bin/sh;
			shellScript = "\"${SRCROOT}/Pods/Pods-resources.sh\"\n";
		};
		47AD2F57135944C395D065BE /* Copy Pods Resources */ = {
			isa = PBXShellScriptBuildPhase;
			buildActionMask = 2147483647;
			files = (
			);
			inputPaths = (
			);
			name = "Copy Pods Resources";
			outputPaths = (
			);
			runOnlyForDeploymentPostprocessing = 0;
			shellPath = /bin/sh;
			shellScript = "\"${SRCROOT}/Pods/Pods-AeroGear-iOS-IntegrationTests-resources.sh\"\n";
		};
		574B71DD15EFA04800BA999B /* ShellScript */ = {
			isa = PBXShellScriptBuildPhase;
			buildActionMask = 2147483647;
			files = (
			);
			inputPaths = (
			);
			outputPaths = (
			);
			runOnlyForDeploymentPostprocessing = 0;
			shellPath = /bin/sh;
			shellScript = "# Run the unit tests in this test bundle.\n\"${SYSTEM_DEVELOPER_DIR}/Tools/RunUnitTests\"\n";
		};
/* End PBXShellScriptBuildPhase section */

/* Begin PBXSourcesBuildPhase section */
		574B71CA15EFA04800BA999B /* Sources */ = {
			isa = PBXSourcesBuildPhase;
			buildActionMask = 2147483647;
			files = (
				574B71FB15EFA05C00BA999B /* Dummy.m in Sources */,
			);
			runOnlyForDeploymentPostprocessing = 0;
		};
		574B71DA15EFA04800BA999B /* Sources */ = {
			isa = PBXSourcesBuildPhase;
			buildActionMask = 2147483647;
			files = (
				574B71FE15EFA07300BA999B /* AGIntegrationTests.m in Sources */,
				574B720B15EFA8D400BA999B /* AGPipelineUsecaseTests.m in Sources */,
				574B720E15EFA9F900BA999B /* AGRestPipeTests.m in Sources */,
			);
			runOnlyForDeploymentPostprocessing = 0;
		};
/* End PBXSourcesBuildPhase section */

/* Begin PBXTargetDependency section */
		574B71E615EFA04800BA999B /* PBXTargetDependency */ = {
			isa = PBXTargetDependency;
			target = 574B71CD15EFA04800BA999B /* AeroGear-iOS-Integration */;
			targetProxy = 574B71E515EFA04800BA999B /* PBXContainerItemProxy */;
		};
/* End PBXTargetDependency section */

/* Begin PBXVariantGroup section */
		574B71EB15EFA04800BA999B /* InfoPlist.strings */ = {
			isa = PBXVariantGroup;
			children = (
				574B71EC15EFA04800BA999B /* en */,
			);
			name = InfoPlist.strings;
			sourceTree = "<group>";
		};
/* End PBXVariantGroup section */

/* Begin XCBuildConfiguration section */
		574B71F115EFA04800BA999B /* Debug */ = {
			isa = XCBuildConfiguration;
			buildSettings = {
				ALWAYS_SEARCH_USER_PATHS = NO;
				ARCHS = "$(ARCHS_STANDARD_32_BIT)";
				CLANG_CXX_LANGUAGE_STANDARD = "gnu++0x";
				CLANG_ENABLE_OBJC_ARC = YES;
				CLANG_WARN__DUPLICATE_METHOD_MATCH = YES;
				COPY_PHASE_STRIP = NO;
				GCC_C_LANGUAGE_STANDARD = gnu99;
				GCC_DYNAMIC_NO_PIC = NO;
				GCC_OPTIMIZATION_LEVEL = 0;
				GCC_PREPROCESSOR_DEFINITIONS = (
					"DEBUG=1",
					"$(inherited)",
				);
				GCC_SYMBOLS_PRIVATE_EXTERN = NO;
				GCC_VERSION = com.apple.compilers.llvm.clang.1_0;
				GCC_WARN_ABOUT_RETURN_TYPE = YES;
				GCC_WARN_UNINITIALIZED_AUTOS = YES;
				GCC_WARN_UNUSED_VARIABLE = YES;
				IPHONEOS_DEPLOYMENT_TARGET = 5.1;
				SDKROOT = iphoneos;
			};
			name = Debug;
		};
		574B71F215EFA04800BA999B /* Release */ = {
			isa = XCBuildConfiguration;
			buildSettings = {
				ALWAYS_SEARCH_USER_PATHS = NO;
				ARCHS = "$(ARCHS_STANDARD_32_BIT)";
				CLANG_CXX_LANGUAGE_STANDARD = "gnu++0x";
				CLANG_ENABLE_OBJC_ARC = YES;
				CLANG_WARN__DUPLICATE_METHOD_MATCH = YES;
				COPY_PHASE_STRIP = YES;
				GCC_C_LANGUAGE_STANDARD = gnu99;
				GCC_VERSION = com.apple.compilers.llvm.clang.1_0;
				GCC_WARN_ABOUT_RETURN_TYPE = YES;
				GCC_WARN_UNINITIALIZED_AUTOS = YES;
				GCC_WARN_UNUSED_VARIABLE = YES;
				IPHONEOS_DEPLOYMENT_TARGET = 5.1;
				SDKROOT = iphoneos;
				VALIDATE_PRODUCT = YES;
			};
			name = Release;
		};
		574B71F415EFA04800BA999B /* Debug */ = {
			isa = XCBuildConfiguration;
			baseConfigurationReference = A658637286A841EC99E09786 /* Pods.xcconfig */;
			buildSettings = {
				DSTROOT = /tmp/AeroGear_iOS_Integration.dst;
				GCC_PRECOMPILE_PREFIX_HEADER = YES;
				GCC_PREFIX_HEADER = "AeroGear-iOS-Integration/AeroGear-iOS-Integration-Prefix.pch";
				OTHER_LDFLAGS = "-ObjC";
				PRODUCT_NAME = "$(TARGET_NAME)";
				SKIP_INSTALL = YES;
			};
			name = Debug;
		};
		574B71F515EFA04800BA999B /* Release */ = {
			isa = XCBuildConfiguration;
			baseConfigurationReference = A658637286A841EC99E09786 /* Pods.xcconfig */;
			buildSettings = {
				DSTROOT = /tmp/AeroGear_iOS_Integration.dst;
				GCC_PRECOMPILE_PREFIX_HEADER = YES;
				GCC_PREFIX_HEADER = "AeroGear-iOS-Integration/AeroGear-iOS-Integration-Prefix.pch";
				OTHER_LDFLAGS = "-ObjC";
				PRODUCT_NAME = "$(TARGET_NAME)";
				SKIP_INSTALL = YES;
			};
			name = Release;
		};
		574B71F715EFA04800BA999B /* Debug */ = {
			isa = XCBuildConfiguration;
			baseConfigurationReference = 5DB1A2E418F14315BDD654CA /* Pods-AeroGear-iOS-IntegrationTests.xcconfig */;
			buildSettings = {
				FRAMEWORK_SEARCH_PATHS = (
					"\"$(SDKROOT)/Developer/Library/Frameworks\"",
					"\"$(DEVELOPER_LIBRARY_DIR)/Frameworks\"",
				);
				GCC_PRECOMPILE_PREFIX_HEADER = YES;
				GCC_PREFIX_HEADER = "AeroGear-iOS-Integration/AeroGear-iOS-Integration-Prefix.pch";
				INFOPLIST_FILE = "AeroGear-iOS-IntegrationTests/AeroGear-iOS-IntegrationTests-Info.plist";
				PRODUCT_NAME = "$(TARGET_NAME)";
				WRAPPER_EXTENSION = octest;
			};
			name = Debug;
		};
		574B71F815EFA04800BA999B /* Release */ = {
			isa = XCBuildConfiguration;
			baseConfigurationReference = 5DB1A2E418F14315BDD654CA /* Pods-AeroGear-iOS-IntegrationTests.xcconfig */;
			buildSettings = {
				FRAMEWORK_SEARCH_PATHS = (
					"\"$(SDKROOT)/Developer/Library/Frameworks\"",
					"\"$(DEVELOPER_LIBRARY_DIR)/Frameworks\"",
				);
				GCC_PRECOMPILE_PREFIX_HEADER = YES;
				GCC_PREFIX_HEADER = "AeroGear-iOS-Integration/AeroGear-iOS-Integration-Prefix.pch";
				INFOPLIST_FILE = "AeroGear-iOS-IntegrationTests/AeroGear-iOS-IntegrationTests-Info.plist";
				PRODUCT_NAME = "$(TARGET_NAME)";
				WRAPPER_EXTENSION = octest;
			};
			name = Release;
		};
/* End XCBuildConfiguration section */

/* Begin XCConfigurationList section */
		574B71C815EFA04800BA999B /* Build configuration list for PBXProject "AeroGear-iOS-Integration" */ = {
			isa = XCConfigurationList;
			buildConfigurations = (
				574B71F115EFA04800BA999B /* Debug */,
				574B71F215EFA04800BA999B /* Release */,
			);
			defaultConfigurationIsVisible = 0;
			defaultConfigurationName = Release;
		};
		574B71F315EFA04800BA999B /* Build configuration list for PBXNativeTarget "AeroGear-iOS-Integration" */ = {
			isa = XCConfigurationList;
			buildConfigurations = (
				574B71F415EFA04800BA999B /* Debug */,
				574B71F515EFA04800BA999B /* Release */,
			);
			defaultConfigurationIsVisible = 0;
			defaultConfigurationName = Release;
		};
		574B71F615EFA04800BA999B /* Build configuration list for PBXNativeTarget "AeroGear-iOS-IntegrationTests" */ = {
			isa = XCConfigurationList;
			buildConfigurations = (
				574B71F715EFA04800BA999B /* Debug */,
				574B71F815EFA04800BA999B /* Release */,
			);
			defaultConfigurationIsVisible = 0;
			defaultConfigurationName = Release;
		};
/* End XCConfigurationList section */
	};
	rootObject = 574B71C515EFA04800BA999B /* Project object */;
}
