<?xml version="1.0" encoding="UTF-8"?>
<!DOCTYPE plist PUBLIC "-//Apple//DTD PLIST 1.0//EN" "http://www.apple.com/DTDs/PropertyList-1.0.dtd">
<plist version="1.0">
<dict>
	<key>archiveVersion</key>
	<string>1</string>
	<key>classes</key>
	<dict/>
	<key>objectVersion</key>
	<string>46</string>
	<key>objects</key>
	<dict>
		<key>1C3A8F0F06C74EF2911B0643</key>
		<dict>
			<key>buildActionMask</key>
			<string>2147483647</string>
			<key>files</key>
			<array/>
			<key>inputPaths</key>
			<array/>
			<key>isa</key>
			<string>PBXShellScriptBuildPhase</string>
			<key>name</key>
			<string>Copy Pods Resources</string>
			<key>outputPaths</key>
			<array/>
			<key>runOnlyForDeploymentPostprocessing</key>
			<string>0</string>
			<key>shellPath</key>
			<string>/bin/sh</string>
			<key>shellScript</key>
			<string>"${SRCROOT}/Pods/Pods-resources.sh"
</string>
		</dict>
		<key>47AD2F57135944C395D065BE</key>
		<dict>
			<key>buildActionMask</key>
			<string>2147483647</string>
			<key>files</key>
			<array/>
			<key>inputPaths</key>
			<array/>
			<key>isa</key>
			<string>PBXShellScriptBuildPhase</string>
			<key>name</key>
			<string>Copy Pods Resources</string>
			<key>outputPaths</key>
			<array/>
			<key>runOnlyForDeploymentPostprocessing</key>
			<string>0</string>
			<key>shellPath</key>
			<string>/bin/sh</string>
			<key>shellScript</key>
			<string>"${SRCROOT}/Pods/Pods-AeroGear-iOS-IntegrationTests-resources.sh"
</string>
		</dict>
		<key>574B71C315EFA04800BA999B</key>
		<dict>
			<key>children</key>
			<array>
				<string>574B71D315EFA04800BA999B</string>
				<string>574B71E815EFA04800BA999B</string>
				<string>574B71D015EFA04800BA999B</string>
				<string>574B71CF15EFA04800BA999B</string>
				<string>A658637286A841EC99E09786</string>
				<string>5DB1A2E418F14315BDD654CA</string>
			</array>
			<key>isa</key>
			<string>PBXGroup</string>
			<key>sourceTree</key>
			<string>&lt;group&gt;</string>
		</dict>
		<key>574B71C515EFA04800BA999B</key>
		<dict>
			<key>attributes</key>
			<dict>
				<key>LastUpgradeCheck</key>
				<string>0440</string>
				<key>ORGANIZATIONNAME</key>
				<string>JBoss</string>
			</dict>
			<key>buildConfigurationList</key>
			<string>574B71C815EFA04800BA999B</string>
			<key>compatibilityVersion</key>
			<string>Xcode 3.2</string>
			<key>developmentRegion</key>
			<string>English</string>
			<key>hasScannedForEncodings</key>
			<string>0</string>
			<key>isa</key>
			<string>PBXProject</string>
			<key>knownRegions</key>
			<array>
				<string>en</string>
			</array>
			<key>mainGroup</key>
			<string>574B71C315EFA04800BA999B</string>
			<key>productRefGroup</key>
			<string>574B71CF15EFA04800BA999B</string>
			<key>projectDirPath</key>
			<string></string>
			<key>projectRoot</key>
			<string></string>
			<key>targets</key>
			<array>
				<string>574B71CD15EFA04800BA999B</string>
				<string>574B71DE15EFA04800BA999B</string>
			</array>
		</dict>
		<key>574B71C815EFA04800BA999B</key>
		<dict>
			<key>buildConfigurations</key>
			<array>
				<string>574B71F115EFA04800BA999B</string>
				<string>574B71F215EFA04800BA999B</string>
			</array>
			<key>defaultConfigurationIsVisible</key>
			<string>0</string>
			<key>defaultConfigurationName</key>
			<string>Release</string>
			<key>isa</key>
			<string>XCConfigurationList</string>
		</dict>
		<key>574B71CA15EFA04800BA999B</key>
		<dict>
			<key>buildActionMask</key>
			<string>2147483647</string>
			<key>files</key>
			<array>
				<string>574B71FB15EFA05C00BA999B</string>
			</array>
			<key>isa</key>
			<string>PBXSourcesBuildPhase</string>
			<key>runOnlyForDeploymentPostprocessing</key>
			<string>0</string>
		</dict>
		<key>574B71CB15EFA04800BA999B</key>
		<dict>
			<key>buildActionMask</key>
			<string>2147483647</string>
			<key>files</key>
			<array>
				<string>574B71D215EFA04800BA999B</string>
				<string>8DF39806A86A4F1C91C70124</string>
			</array>
			<key>isa</key>
			<string>PBXFrameworksBuildPhase</string>
			<key>runOnlyForDeploymentPostprocessing</key>
			<string>0</string>
		</dict>
		<key>574B71CC15EFA04800BA999B</key>
		<dict>
			<key>buildActionMask</key>
			<string>2147483647</string>
			<key>dstPath</key>
			<string>include/${PRODUCT_NAME}</string>
			<key>dstSubfolderSpec</key>
			<string>16</string>
			<key>files</key>
			<array/>
			<key>isa</key>
			<string>PBXCopyFilesBuildPhase</string>
			<key>runOnlyForDeploymentPostprocessing</key>
			<string>0</string>
		</dict>
		<key>574B71CD15EFA04800BA999B</key>
		<dict>
			<key>buildConfigurationList</key>
			<string>574B71F315EFA04800BA999B</string>
			<key>buildPhases</key>
			<array>
				<string>574B71CA15EFA04800BA999B</string>
				<string>574B71CB15EFA04800BA999B</string>
				<string>574B71CC15EFA04800BA999B</string>
				<string>1C3A8F0F06C74EF2911B0643</string>
			</array>
			<key>buildRules</key>
			<array/>
			<key>dependencies</key>
			<array/>
			<key>isa</key>
			<string>PBXNativeTarget</string>
			<key>name</key>
			<string>AeroGear-iOS-Integration</string>
			<key>productName</key>
			<string>AeroGear-iOS-Integration</string>
			<key>productReference</key>
			<string>574B71CE15EFA04800BA999B</string>
			<key>productType</key>
			<string>com.apple.product-type.library.static</string>
		</dict>
		<key>574B71CE15EFA04800BA999B</key>
		<dict>
			<key>explicitFileType</key>
			<string>archive.ar</string>
			<key>includeInIndex</key>
			<string>0</string>
			<key>isa</key>
			<string>PBXFileReference</string>
			<key>name</key>
			<string>libAeroGear-iOS-Integration.a</string>
			<key>path</key>
			<string>libAeroGear-iOS-Integration.a</string>
			<key>sourceTree</key>
			<string>BUILT_PRODUCTS_DIR</string>
		</dict>
		<key>574B71CF15EFA04800BA999B</key>
		<dict>
			<key>children</key>
			<array>
				<string>574B71CE15EFA04800BA999B</string>
				<string>574B71DF15EFA04800BA999B</string>
			</array>
			<key>isa</key>
			<string>PBXGroup</string>
			<key>name</key>
			<string>Products</string>
			<key>sourceTree</key>
			<string>&lt;group&gt;</string>
		</dict>
		<key>574B71D015EFA04800BA999B</key>
		<dict>
			<key>children</key>
			<array>
				<string>574B71D115EFA04800BA999B</string>
				<string>574B71E015EFA04800BA999B</string>
				<string>574B71E215EFA04800BA999B</string>
				<string>B10AFDC610624063B721B151</string>
				<string>C7C4359935894FDE85973837</string>
			</array>
			<key>isa</key>
			<string>PBXGroup</string>
			<key>name</key>
			<string>Frameworks</string>
			<key>sourceTree</key>
			<string>&lt;group&gt;</string>
		</dict>
		<key>574B71D115EFA04800BA999B</key>
		<dict>
			<key>includeInIndex</key>
			<string>1</string>
			<key>isa</key>
			<string>PBXFileReference</string>
			<key>lastKnownFileType</key>
			<string>wrapper.framework</string>
			<key>name</key>
			<string>Foundation.framework</string>
			<key>path</key>
			<string>System/Library/Frameworks/Foundation.framework</string>
			<key>sourceTree</key>
			<string>SDKROOT</string>
		</dict>
		<key>574B71D215EFA04800BA999B</key>
		<dict>
			<key>fileRef</key>
			<string>574B71D115EFA04800BA999B</string>
			<key>isa</key>
			<string>PBXBuildFile</string>
		</dict>
		<key>574B71D315EFA04800BA999B</key>
		<dict>
			<key>children</key>
			<array>
				<string>574B71D415EFA04800BA999B</string>
				<string>574B71F915EFA05C00BA999B</string>
				<string>574B71FA15EFA05C00BA999B</string>
			</array>
			<key>isa</key>
			<string>PBXGroup</string>
			<key>path</key>
			<string>AeroGear-iOS-Integration</string>
			<key>sourceTree</key>
			<string>&lt;group&gt;</string>
		</dict>
		<key>574B71D415EFA04800BA999B</key>
		<dict>
			<key>children</key>
			<array>
				<string>574B71D515EFA04800BA999B</string>
			</array>
			<key>isa</key>
			<string>PBXGroup</string>
			<key>name</key>
			<string>Supporting Files</string>
			<key>sourceTree</key>
			<string>&lt;group&gt;</string>
		</dict>
		<key>574B71D515EFA04800BA999B</key>
		<dict>
			<key>isa</key>
			<string>PBXFileReference</string>
			<key>lastKnownFileType</key>
			<string>sourcecode.c.h</string>
			<key>path</key>
			<string>AeroGear-iOS-Integration-Prefix.pch</string>
			<key>sourceTree</key>
			<string>&lt;group&gt;</string>
		</dict>
		<key>574B71DA15EFA04800BA999B</key>
		<dict>
			<key>buildActionMask</key>
			<string>2147483647</string>
			<key>files</key>
			<array>
				<string>574B71FE15EFA07300BA999B</string>
			</array>
			<key>isa</key>
			<string>PBXSourcesBuildPhase</string>
			<key>runOnlyForDeploymentPostprocessing</key>
			<string>0</string>
		</dict>
		<key>574B71DB15EFA04800BA999B</key>
		<dict>
			<key>buildActionMask</key>
			<string>2147483647</string>
			<key>files</key>
			<array>
				<string>574B71E115EFA04800BA999B</string>
				<string>574B71E315EFA04800BA999B</string>
				<string>574B71E415EFA04800BA999B</string>
				<string>574B71E715EFA04800BA999B</string>
				<string>8D5504ED65FA4A5DBD1182A7</string>
			</array>
			<key>isa</key>
			<string>PBXFrameworksBuildPhase</string>
			<key>runOnlyForDeploymentPostprocessing</key>
			<string>0</string>
		</dict>
		<key>574B71DC15EFA04800BA999B</key>
		<dict>
			<key>buildActionMask</key>
			<string>2147483647</string>
			<key>files</key>
			<array>
				<string>574B71ED15EFA04800BA999B</string>
			</array>
			<key>isa</key>
			<string>PBXResourcesBuildPhase</string>
			<key>runOnlyForDeploymentPostprocessing</key>
			<string>0</string>
		</dict>
		<key>574B71DD15EFA04800BA999B</key>
		<dict>
			<key>buildActionMask</key>
			<string>2147483647</string>
			<key>files</key>
			<array/>
			<key>inputPaths</key>
			<array/>
			<key>isa</key>
			<string>PBXShellScriptBuildPhase</string>
			<key>outputPaths</key>
			<array/>
			<key>runOnlyForDeploymentPostprocessing</key>
			<string>0</string>
			<key>shellPath</key>
			<string>/bin/sh</string>
			<key>shellScript</key>
			<string># Run the unit tests in this test bundle.
"${SYSTEM_DEVELOPER_DIR}/Tools/RunUnitTests"
</string>
		</dict>
		<key>574B71DE15EFA04800BA999B</key>
		<dict>
			<key>buildConfigurationList</key>
			<string>574B71F615EFA04800BA999B</string>
			<key>buildPhases</key>
			<array>
				<string>574B71DA15EFA04800BA999B</string>
				<string>574B71DB15EFA04800BA999B</string>
				<string>574B71DC15EFA04800BA999B</string>
				<string>574B71DD15EFA04800BA999B</string>
				<string>47AD2F57135944C395D065BE</string>
			</array>
			<key>buildRules</key>
			<array/>
			<key>dependencies</key>
			<array>
				<string>574B71E615EFA04800BA999B</string>
			</array>
			<key>isa</key>
			<string>PBXNativeTarget</string>
			<key>name</key>
			<string>AeroGear-iOS-IntegrationTests</string>
			<key>productName</key>
			<string>AeroGear-iOS-IntegrationTests</string>
			<key>productReference</key>
			<string>574B71DF15EFA04800BA999B</string>
			<key>productType</key>
			<string>com.apple.product-type.bundle</string>
		</dict>
		<key>574B71DF15EFA04800BA999B</key>
		<dict>
			<key>explicitFileType</key>
			<string>wrapper.cfbundle</string>
			<key>includeInIndex</key>
			<string>0</string>
			<key>isa</key>
			<string>PBXFileReference</string>
			<key>name</key>
			<string>AeroGear-iOS-IntegrationTests.octest</string>
			<key>path</key>
			<string>AeroGear-iOS-IntegrationTests.octest</string>
			<key>sourceTree</key>
			<string>BUILT_PRODUCTS_DIR</string>
		</dict>
		<key>574B71E015EFA04800BA999B</key>
		<dict>
			<key>includeInIndex</key>
			<string>1</string>
			<key>isa</key>
			<string>PBXFileReference</string>
			<key>lastKnownFileType</key>
			<string>wrapper.framework</string>
			<key>name</key>
			<string>SenTestingKit.framework</string>
			<key>path</key>
			<string>Library/Frameworks/SenTestingKit.framework</string>
			<key>sourceTree</key>
			<string>DEVELOPER_DIR</string>
		</dict>
		<key>574B71E115EFA04800BA999B</key>
		<dict>
			<key>fileRef</key>
			<string>574B71E015EFA04800BA999B</string>
			<key>isa</key>
			<string>PBXBuildFile</string>
		</dict>
		<key>574B71E215EFA04800BA999B</key>
		<dict>
			<key>includeInIndex</key>
			<string>1</string>
			<key>isa</key>
			<string>PBXFileReference</string>
			<key>lastKnownFileType</key>
			<string>wrapper.framework</string>
			<key>name</key>
			<string>UIKit.framework</string>
			<key>path</key>
			<string>Library/Frameworks/UIKit.framework</string>
			<key>sourceTree</key>
			<string>DEVELOPER_DIR</string>
		</dict>
		<key>574B71E315EFA04800BA999B</key>
		<dict>
			<key>fileRef</key>
			<string>574B71E215EFA04800BA999B</string>
			<key>isa</key>
			<string>PBXBuildFile</string>
		</dict>
		<key>574B71E415EFA04800BA999B</key>
		<dict>
			<key>fileRef</key>
			<string>574B71D115EFA04800BA999B</string>
			<key>isa</key>
			<string>PBXBuildFile</string>
		</dict>
		<key>574B71E515EFA04800BA999B</key>
		<dict>
			<key>containerPortal</key>
			<string>574B71C515EFA04800BA999B</string>
			<key>isa</key>
			<string>PBXContainerItemProxy</string>
			<key>proxyType</key>
			<string>1</string>
			<key>remoteGlobalIDString</key>
			<string>574B71CD15EFA04800BA999B</string>
			<key>remoteInfo</key>
			<string>AeroGear-iOS-Integration</string>
		</dict>
		<key>574B71E615EFA04800BA999B</key>
		<dict>
			<key>isa</key>
			<string>PBXTargetDependency</string>
			<key>target</key>
			<string>574B71CD15EFA04800BA999B</string>
			<key>targetProxy</key>
			<string>574B71E515EFA04800BA999B</string>
		</dict>
		<key>574B71E715EFA04800BA999B</key>
		<dict>
			<key>fileRef</key>
			<string>574B71CE15EFA04800BA999B</string>
			<key>isa</key>
			<string>PBXBuildFile</string>
		</dict>
		<key>574B71E815EFA04800BA999B</key>
		<dict>
			<key>children</key>
			<array>
				<string>574B71E915EFA04800BA999B</string>
				<string>574B71FC15EFA07300BA999B</string>
				<string>574B71FD15EFA07300BA999B</string>
			</array>
			<key>isa</key>
			<string>PBXGroup</string>
			<key>path</key>
			<string>AeroGear-iOS-IntegrationTests</string>
			<key>sourceTree</key>
			<string>&lt;group&gt;</string>
		</dict>
		<key>574B71E915EFA04800BA999B</key>
		<dict>
			<key>children</key>
			<array>
				<string>574B71EA15EFA04800BA999B</string>
				<string>574B71EB15EFA04800BA999B</string>
			</array>
			<key>isa</key>
			<string>PBXGroup</string>
			<key>name</key>
			<string>Supporting Files</string>
			<key>sourceTree</key>
			<string>&lt;group&gt;</string>
		</dict>
		<key>574B71EA15EFA04800BA999B</key>
		<dict>
			<key>isa</key>
			<string>PBXFileReference</string>
			<key>lastKnownFileType</key>
			<string>text.plist.xml</string>
			<key>path</key>
			<string>AeroGear-iOS-IntegrationTests-Info.plist</string>
			<key>sourceTree</key>
			<string>&lt;group&gt;</string>
		</dict>
		<key>574B71EB15EFA04800BA999B</key>
		<dict>
			<key>children</key>
			<array>
				<string>574B71EC15EFA04800BA999B</string>
			</array>
			<key>isa</key>
			<string>PBXVariantGroup</string>
			<key>name</key>
			<string>InfoPlist.strings</string>
			<key>sourceTree</key>
			<string>&lt;group&gt;</string>
		</dict>
		<key>574B71EC15EFA04800BA999B</key>
		<dict>
			<key>isa</key>
			<string>PBXFileReference</string>
			<key>lastKnownFileType</key>
			<string>text.plist.strings</string>
			<key>name</key>
			<string>en</string>
			<key>path</key>
			<string>en.lproj/InfoPlist.strings</string>
			<key>sourceTree</key>
			<string>&lt;group&gt;</string>
		</dict>
		<key>574B71ED15EFA04800BA999B</key>
		<dict>
			<key>fileRef</key>
			<string>574B71EB15EFA04800BA999B</string>
			<key>isa</key>
			<string>PBXBuildFile</string>
		</dict>
		<key>574B71F115EFA04800BA999B</key>
		<dict>
			<key>buildSettings</key>
			<dict>
				<key>ALWAYS_SEARCH_USER_PATHS</key>
				<string>NO</string>
				<key>ARCHS</key>
				<string>$(ARCHS_STANDARD_32_BIT)</string>
				<key>CLANG_CXX_LANGUAGE_STANDARD</key>
				<string>gnu++0x</string>
				<key>CLANG_ENABLE_OBJC_ARC</key>
				<string>YES</string>
				<key>CLANG_WARN__DUPLICATE_METHOD_MATCH</key>
				<string>YES</string>
				<key>COPY_PHASE_STRIP</key>
				<string>NO</string>
				<key>GCC_C_LANGUAGE_STANDARD</key>
				<string>gnu99</string>
				<key>GCC_DYNAMIC_NO_PIC</key>
				<string>NO</string>
				<key>GCC_OPTIMIZATION_LEVEL</key>
				<string>0</string>
				<key>GCC_PREPROCESSOR_DEFINITIONS</key>
				<array>
					<string>DEBUG=1</string>
					<string>$(inherited)</string>
				</array>
				<key>GCC_SYMBOLS_PRIVATE_EXTERN</key>
				<string>NO</string>
				<key>GCC_VERSION</key>
				<string>com.apple.compilers.llvm.clang.1_0</string>
				<key>GCC_WARN_ABOUT_RETURN_TYPE</key>
				<string>YES</string>
				<key>GCC_WARN_UNINITIALIZED_AUTOS</key>
				<string>YES</string>
				<key>GCC_WARN_UNUSED_VARIABLE</key>
				<string>YES</string>
				<key>IPHONEOS_DEPLOYMENT_TARGET</key>
				<string>5.1</string>
				<key>SDKROOT</key>
				<string>iphoneos</string>
			</dict>
			<key>isa</key>
			<string>XCBuildConfiguration</string>
			<key>name</key>
			<string>Debug</string>
		</dict>
		<key>574B71F215EFA04800BA999B</key>
		<dict>
			<key>buildSettings</key>
			<dict>
				<key>ALWAYS_SEARCH_USER_PATHS</key>
				<string>NO</string>
				<key>ARCHS</key>
				<string>$(ARCHS_STANDARD_32_BIT)</string>
				<key>CLANG_CXX_LANGUAGE_STANDARD</key>
				<string>gnu++0x</string>
				<key>CLANG_ENABLE_OBJC_ARC</key>
				<string>YES</string>
				<key>CLANG_WARN__DUPLICATE_METHOD_MATCH</key>
				<string>YES</string>
				<key>COPY_PHASE_STRIP</key>
				<string>YES</string>
				<key>GCC_C_LANGUAGE_STANDARD</key>
				<string>gnu99</string>
				<key>GCC_VERSION</key>
				<string>com.apple.compilers.llvm.clang.1_0</string>
				<key>GCC_WARN_ABOUT_RETURN_TYPE</key>
				<string>YES</string>
				<key>GCC_WARN_UNINITIALIZED_AUTOS</key>
				<string>YES</string>
				<key>GCC_WARN_UNUSED_VARIABLE</key>
				<string>YES</string>
				<key>IPHONEOS_DEPLOYMENT_TARGET</key>
				<string>5.1</string>
				<key>SDKROOT</key>
				<string>iphoneos</string>
				<key>VALIDATE_PRODUCT</key>
				<string>YES</string>
			</dict>
			<key>isa</key>
			<string>XCBuildConfiguration</string>
			<key>name</key>
			<string>Release</string>
		</dict>
		<key>574B71F315EFA04800BA999B</key>
		<dict>
			<key>buildConfigurations</key>
			<array>
				<string>574B71F415EFA04800BA999B</string>
				<string>574B71F515EFA04800BA999B</string>
			</array>
			<key>defaultConfigurationIsVisible</key>
			<string>0</string>
			<key>isa</key>
			<string>XCConfigurationList</string>
		</dict>
		<key>574B71F415EFA04800BA999B</key>
		<dict>
			<key>baseConfigurationReference</key>
			<string>A658637286A841EC99E09786</string>
			<key>buildSettings</key>
			<dict>
				<key>DSTROOT</key>
				<string>/tmp/AeroGear_iOS_Integration.dst</string>
				<key>GCC_PRECOMPILE_PREFIX_HEADER</key>
				<string>YES</string>
				<key>GCC_PREFIX_HEADER</key>
				<string>AeroGear-iOS-Integration/AeroGear-iOS-Integration-Prefix.pch</string>
				<key>OTHER_LDFLAGS</key>
				<string>-ObjC</string>
				<key>PRODUCT_NAME</key>
				<string>$(TARGET_NAME)</string>
				<key>SKIP_INSTALL</key>
				<string>YES</string>
			</dict>
			<key>isa</key>
			<string>XCBuildConfiguration</string>
			<key>name</key>
			<string>Debug</string>
		</dict>
		<key>574B71F515EFA04800BA999B</key>
		<dict>
			<key>baseConfigurationReference</key>
			<string>A658637286A841EC99E09786</string>
			<key>buildSettings</key>
			<dict>
				<key>DSTROOT</key>
				<string>/tmp/AeroGear_iOS_Integration.dst</string>
				<key>GCC_PRECOMPILE_PREFIX_HEADER</key>
				<string>YES</string>
				<key>GCC_PREFIX_HEADER</key>
				<string>AeroGear-iOS-Integration/AeroGear-iOS-Integration-Prefix.pch</string>
				<key>OTHER_LDFLAGS</key>
				<string>-ObjC</string>
				<key>PRODUCT_NAME</key>
				<string>$(TARGET_NAME)</string>
				<key>SKIP_INSTALL</key>
				<string>YES</string>
			</dict>
			<key>isa</key>
			<string>XCBuildConfiguration</string>
			<key>name</key>
			<string>Release</string>
		</dict>
		<key>574B71F615EFA04800BA999B</key>
		<dict>
			<key>buildConfigurations</key>
			<array>
				<string>574B71F715EFA04800BA999B</string>
				<string>574B71F815EFA04800BA999B</string>
			</array>
			<key>defaultConfigurationIsVisible</key>
			<string>0</string>
			<key>isa</key>
			<string>XCConfigurationList</string>
		</dict>
		<key>574B71F715EFA04800BA999B</key>
		<dict>
			<key>baseConfigurationReference</key>
			<string>5DB1A2E418F14315BDD654CA</string>
			<key>buildSettings</key>
			<dict>
				<key>FRAMEWORK_SEARCH_PATHS</key>
				<array>
					<string>"$(SDKROOT)/Developer/Library/Frameworks"</string>
					<string>"$(DEVELOPER_LIBRARY_DIR)/Frameworks"</string>
				</array>
				<key>GCC_PRECOMPILE_PREFIX_HEADER</key>
				<string>YES</string>
				<key>GCC_PREFIX_HEADER</key>
				<string>AeroGear-iOS-Integration/AeroGear-iOS-Integration-Prefix.pch</string>
				<key>INFOPLIST_FILE</key>
				<string>AeroGear-iOS-IntegrationTests/AeroGear-iOS-IntegrationTests-Info.plist</string>
				<key>PRODUCT_NAME</key>
				<string>$(TARGET_NAME)</string>
				<key>WRAPPER_EXTENSION</key>
				<string>octest</string>
			</dict>
			<key>isa</key>
			<string>XCBuildConfiguration</string>
			<key>name</key>
			<string>Debug</string>
		</dict>
		<key>574B71F815EFA04800BA999B</key>
		<dict>
			<key>baseConfigurationReference</key>
			<string>5DB1A2E418F14315BDD654CA</string>
			<key>buildSettings</key>
			<dict>
				<key>FRAMEWORK_SEARCH_PATHS</key>
				<array>
					<string>"$(SDKROOT)/Developer/Library/Frameworks"</string>
					<string>"$(DEVELOPER_LIBRARY_DIR)/Frameworks"</string>
				</array>
				<key>GCC_PRECOMPILE_PREFIX_HEADER</key>
				<string>YES</string>
				<key>GCC_PREFIX_HEADER</key>
				<string>AeroGear-iOS-Integration/AeroGear-iOS-Integration-Prefix.pch</string>
				<key>INFOPLIST_FILE</key>
				<string>AeroGear-iOS-IntegrationTests/AeroGear-iOS-IntegrationTests-Info.plist</string>
				<key>PRODUCT_NAME</key>
				<string>$(TARGET_NAME)</string>
				<key>WRAPPER_EXTENSION</key>
				<string>octest</string>
			</dict>
			<key>isa</key>
			<string>XCBuildConfiguration</string>
			<key>name</key>
			<string>Release</string>
		</dict>
		<key>574B71F915EFA05C00BA999B</key>
		<dict>
			<key>fileEncoding</key>
			<string>4</string>
			<key>isa</key>
			<string>PBXFileReference</string>
			<key>lastKnownFileType</key>
			<string>sourcecode.c.h</string>
			<key>path</key>
			<string>Dummy.h</string>
			<key>sourceTree</key>
			<string>&lt;group&gt;</string>
		</dict>
		<key>574B71FA15EFA05C00BA999B</key>
		<dict>
			<key>fileEncoding</key>
			<string>4</string>
			<key>isa</key>
			<string>PBXFileReference</string>
			<key>lastKnownFileType</key>
			<string>sourcecode.c.objc</string>
			<key>path</key>
			<string>Dummy.m</string>
			<key>sourceTree</key>
			<string>&lt;group&gt;</string>
		</dict>
		<key>574B71FB15EFA05C00BA999B</key>
		<dict>
			<key>fileRef</key>
			<string>574B71FA15EFA05C00BA999B</string>
			<key>isa</key>
			<string>PBXBuildFile</string>
		</dict>
		<key>574B71FC15EFA07300BA999B</key>
		<dict>
			<key>fileEncoding</key>
			<string>4</string>
			<key>isa</key>
			<string>PBXFileReference</string>
			<key>lastKnownFileType</key>
			<string>sourcecode.c.h</string>
			<key>path</key>
			<string>AGIntegrationTests.h</string>
			<key>sourceTree</key>
			<string>&lt;group&gt;</string>
		</dict>
		<key>574B71FD15EFA07300BA999B</key>
		<dict>
			<key>fileEncoding</key>
			<string>4</string>
			<key>isa</key>
			<string>PBXFileReference</string>
			<key>lastKnownFileType</key>
			<string>sourcecode.c.objc</string>
			<key>path</key>
			<string>AGIntegrationTests.m</string>
			<key>sourceTree</key>
			<string>&lt;group&gt;</string>
		</dict>
		<key>574B71FE15EFA07300BA999B</key>
		<dict>
			<key>fileRef</key>
			<string>574B71FD15EFA07300BA999B</string>
			<key>isa</key>
			<string>PBXBuildFile</string>
		</dict>
		<key>5DB1A2E418F14315BDD654CA</key>
		<dict>
			<key>includeInIndex</key>
			<string>1</string>
			<key>isa</key>
			<string>PBXFileReference</string>
			<key>lastKnownFileType</key>
			<string>text.xcconfig</string>
			<key>name</key>
			<string>Pods-AeroGear-iOS-IntegrationTests.xcconfig</string>
			<key>path</key>
			<string>Pods/Pods-AeroGear-iOS-IntegrationTests.xcconfig</string>
			<key>sourceTree</key>
			<string>SOURCE_ROOT</string>
		</dict>
		<key>8D5504ED65FA4A5DBD1182A7</key>
		<dict>
			<key>fileRef</key>
			<string>C7C4359935894FDE85973837</string>
			<key>isa</key>
			<string>PBXBuildFile</string>
		</dict>
		<key>8DF39806A86A4F1C91C70124</key>
		<dict>
			<key>fileRef</key>
			<string>B10AFDC610624063B721B151</string>
			<key>isa</key>
			<string>PBXBuildFile</string>
		</dict>
		<key>A658637286A841EC99E09786</key>
		<dict>
			<key>includeInIndex</key>
			<string>1</string>
			<key>isa</key>
			<string>PBXFileReference</string>
			<key>lastKnownFileType</key>
			<string>text.xcconfig</string>
			<key>name</key>
			<string>Pods.xcconfig</string>
			<key>path</key>
			<string>Pods/Pods.xcconfig</string>
			<key>sourceTree</key>
			<string>SOURCE_ROOT</string>
		</dict>
		<key>B10AFDC610624063B721B151</key>
		<dict>
			<key>explicitFileType</key>
			<string>archive.ar</string>
			<key>includeInIndex</key>
			<string>0</string>
			<key>isa</key>
			<string>PBXFileReference</string>
			<key>name</key>
			<string>libPods.a</string>
			<key>path</key>
			<string>libPods.a</string>
			<key>sourceTree</key>
			<string>BUILT_PRODUCTS_DIR</string>
		</dict>
		<key>C7C4359935894FDE85973837</key>
		<dict>
			<key>explicitFileType</key>
			<string>archive.ar</string>
			<key>includeInIndex</key>
			<string>0</string>
			<key>isa</key>
			<string>PBXFileReference</string>
			<key>name</key>
			<string>libPods-AeroGear-iOS-IntegrationTests.a</string>
			<key>path</key>
			<string>libPods-AeroGear-iOS-IntegrationTests.a</string>
			<key>sourceTree</key>
			<string>BUILT_PRODUCTS_DIR</string>
		</dict>
	</dict>
	<key>rootObject</key>
	<string>574B71C515EFA04800BA999B</string>
</dict>
</plist>
